
Microsoft Visual Studio Solution File, Format Version 12.00
# Visual Studio 15
VisualStudioVersion = 15.0.27130.2036
MinimumVisualStudioVersion = 10.0.40219.1
Project("{FAE04EC0-301F-11D3-BF4B-00C04F79EFBC}") = "L1E04 Bissexto", "ConsoleApp5\L1E04 Bissexto.csproj", "{24BCAD0F-D184-467C-A2B9-69925E3DADBE}"
EndProject
Global
	GlobalSection(SolutionConfigurationPlatforms) = preSolution
		Debug|Any CPU = Debug|Any CPU
		Release|Any CPU = Release|Any CPU
	EndGlobalSection
	GlobalSection(ProjectConfigurationPlatforms) = postSolution
		{24BCAD0F-D184-467C-A2B9-69925E3DADBE}.Debug|Any CPU.ActiveCfg = Debug|Any CPU
		{24BCAD0F-D184-467C-A2B9-69925E3DADBE}.Debug|Any CPU.Build.0 = Debug|Any CPU
		{24BCAD0F-D184-467C-A2B9-69925E3DADBE}.Release|Any CPU.ActiveCfg = Release|Any CPU
		{24BCAD0F-D184-467C-A2B9-69925E3DADBE}.Release|Any CPU.Build.0 = Release|Any CPU
	EndGlobalSection
	GlobalSection(SolutionProperties) = preSolution
		HideSolutionNode = FALSE
	EndGlobalSection
	GlobalSection(ExtensibilityGlobals) = postSolution
		SolutionGuid = {93FAA367-A501-43B3-B543-68B06EA23EFA}
	EndGlobalSection
EndGlobal
