
Microsoft Visual Studio Solution File, Format Version 12.00
# Visual Studio 15
VisualStudioVersion = 15.0.27130.2036
MinimumVisualStudioVersion = 10.0.40219.1
Project("{FAE04EC0-301F-11D3-BF4B-00C04F79EFBC}") = "L1e01 Palindromo", "L1e01 Palindromo\L1e01 Palindromo.csproj", "{9F51BEC9-0B9A-4F61-84B8-2F9585D5BEC3}"
EndProject
Global
	GlobalSection(SolutionConfigurationPlatforms) = preSolution
		Debug|Any CPU = Debug|Any CPU
		Release|Any CPU = Release|Any CPU
	EndGlobalSection
	GlobalSection(ProjectConfigurationPlatforms) = postSolution
		{9F51BEC9-0B9A-4F61-84B8-2F9585D5BEC3}.Debug|Any CPU.ActiveCfg = Debug|Any CPU
		{9F51BEC9-0B9A-4F61-84B8-2F9585D5BEC3}.Debug|Any CPU.Build.0 = Debug|Any CPU
		{9F51BEC9-0B9A-4F61-84B8-2F9585D5BEC3}.Release|Any CPU.ActiveCfg = Release|Any CPU
		{9F51BEC9-0B9A-4F61-84B8-2F9585D5BEC3}.Release|Any CPU.Build.0 = Release|Any CPU
	EndGlobalSection
	GlobalSection(SolutionProperties) = preSolution
		HideSolutionNode = FALSE
	EndGlobalSection
	GlobalSection(ExtensibilityGlobals) = postSolution
		SolutionGuid = {F727CFC9-C7B1-4E08-85A6-52B33E6A3D0D}
	EndGlobalSection
EndGlobal
