
Microsoft Visual Studio Solution File, Format Version 12.00
# Visual Studio 15
VisualStudioVersion = 15.0.27130.2036
MinimumVisualStudioVersion = 10.0.40219.1
Project("{FAE04EC0-301F-11D3-BF4B-00C04F79EFBC}") = "L1E05 Notas", "L1E05 Notas\L1E05 Notas.csproj", "{765A9D03-298D-4069-979F-FBC6F36D7212}"
EndProject
Global
	GlobalSection(SolutionConfigurationPlatforms) = preSolution
		Debug|Any CPU = Debug|Any CPU
		Release|Any CPU = Release|Any CPU
	EndGlobalSection
	GlobalSection(ProjectConfigurationPlatforms) = postSolution
		{765A9D03-298D-4069-979F-FBC6F36D7212}.Debug|Any CPU.ActiveCfg = Debug|Any CPU
		{765A9D03-298D-4069-979F-FBC6F36D7212}.Debug|Any CPU.Build.0 = Debug|Any CPU
		{765A9D03-298D-4069-979F-FBC6F36D7212}.Release|Any CPU.ActiveCfg = Release|Any CPU
		{765A9D03-298D-4069-979F-FBC6F36D7212}.Release|Any CPU.Build.0 = Release|Any CPU
	EndGlobalSection
	GlobalSection(SolutionProperties) = preSolution
		HideSolutionNode = FALSE
	EndGlobalSection
	GlobalSection(ExtensibilityGlobals) = postSolution
		SolutionGuid = {3AD7A120-B756-47A4-A366-8F3DF196AE01}
	EndGlobalSection
EndGlobal
